
Microsoft Visual Studio Solution File, Format Version 12.00
# Visual Studio Version 17
VisualStudioVersion = 17.4.33213.308
MinimumVisualStudioVersion = 10.0.40219.1
Project("{8BC9CEB8-8B4A-11D0-8D11-00A0C91BC942}") = "6.1", "6.1\6.1.vcxproj", "{5C5F918C-98AB-403A-B746-F3C7D7E8636D}"
EndProject
Global
	GlobalSection(SolutionConfigurationPlatforms) = preSolution
		Debug|x64 = Debug|x64
		Debug|x86 = Debug|x86
		Release|x64 = Release|x64
		Release|x86 = Release|x86
	EndGlobalSection
	GlobalSection(ProjectConfigurationPlatforms) = postSolution
		{5C5F918C-98AB-403A-B746-F3C7D7E8636D}.Debug|x64.ActiveCfg = Debug|x64
		{5C5F918C-98AB-403A-B746-F3C7D7E8636D}.Debug|x64.Build.0 = Debug|x64
		{5C5F918C-98AB-403A-B746-F3C7D7E8636D}.Debug|x86.ActiveCfg = Debug|Win32
		{5C5F918C-98AB-403A-B746-F3C7D7E8636D}.Debug|x86.Build.0 = Debug|Win32
		{5C5F918C-98AB-403A-B746-F3C7D7E8636D}.Release|x64.ActiveCfg = Release|x64
		{5C5F918C-98AB-403A-B746-F3C7D7E8636D}.Release|x64.Build.0 = Release|x64
		{5C5F918C-98AB-403A-B746-F3C7D7E8636D}.Release|x86.ActiveCfg = Release|Win32
		{5C5F918C-98AB-403A-B746-F3C7D7E8636D}.Release|x86.Build.0 = Release|Win32
	EndGlobalSection
	GlobalSection(SolutionProperties) = preSolution
		HideSolutionNode = FALSE
	EndGlobalSection
	GlobalSection(ExtensibilityGlobals) = postSolution
		SolutionGuid = {B5B68501-87A3-49E2-9573-EAB42217515C}
	EndGlobalSection
EndGlobal
